{
  "originHash" : "980df61daeaae5d225ae996a8a100e04aae8d8fc7d6b995761b69a17fb5f0e08",
  "pins" : [
    {
      "identity" : "purchases-ios",
      "kind" : "remoteSourceControl",
      "location" : "https://github.com/RevenueCat/purchases-ios.git",
      "state" : {
        "revision" : "10a9f1d167b5e0cec5c1186eda04f7f36e0a06f3",
        "version" : "5.4.0"
      }
    },
    {
      "identity" : "swiftfulpurchasing",
      "kind" : "remoteSourceControl",
      "location" : "https://github.com/SwiftfulThinking/SwiftfulPurchasing.git",
      "state" : {
        "revision" : "e57df9de1c3c36e84548bf52433a5cd16d8c26fc",
        "version" : "1.1.1"
      }
    }
  ],
  "version" : 3
}
